[[tools."asdf:CrouchingMuppet/asdf-lima"]]
version = "1.2.1"
backend = "asdf:CrouchingMuppet/asdf-lima"

[[tools.fd]]
version = "10.3.0"
backend = "aqua:sharkdp/fd"

[[tools."github:google/addlicense"]]
version = "1.2.0"
backend = "github:google/addlicense"
"platforms.macos-arm64" = { checksum = "sha256:0597305c619f7349748e830e38322dbe7d13cf86cf415b289c70f5cecbb4bf63", url = "https://github.com/google/addlicense/releases/download/v1.2.0/addlicense_v1.2.0_macOS_arm64.tar.gz", url_api = "https://api.github.com/repos/google/addlicense/releases/assets/282300420"}

[[tools."github:telepresenceio/telepresence"]]
version = "2.25.2"
backend = "github:telepresenceio/telepresence"
"platforms.macos-arm64" = { checksum = "sha256:79aa444eb9ef05ff64c0e6c04e97bef1460f3ae4800c191798996bdad71c8ec9", url = "https://github.com/telepresenceio/telepresence/releases/download/v2.25.2/telepresence-darwin-arm64", url_api = "https://api.github.com/repos/telepresenceio/telepresence/releases/assets/333205851"}

[[tools.gum]]
version = "0.17.0"
backend = "aqua:charmbracelet/gum"

[[tools.helm]]
version = "3.19.0"
backend = "aqua:helm/helm"

[[tools.java]]
version = "21.0.2"
backend = "core:java"
"platforms.macos-arm64" = { checksum = "sha256:b3d588e16ec1e0ef9805d8a696591bd518a5cea62567da8f53b5ce32d11d22e4", url = "https://download.java.net/java/GA/jdk21.0.2/f2283984656d49d69e91c558476027ac/13/GPL/openjdk-21.0.2_macos-aarch64_bin.tar.gz"}

[[tools.kubeconform]]
version = "0.7.0"
backend = "aqua:yannh/kubeconform"

[[tools.lychee]]
version = "0.22.0"
backend = "aqua:lycheeverse/lychee"
"platforms.macos-arm64" = { checksum = "sha256:197bf8b7aafd190e38ec8e931a16e38a2d1d2b1e9fa13aa4874d004ba09c4d05", url = "https://github.com/lycheeverse/lychee/releases/download/lychee-v0.22.0/lychee-arm64-macos.dmg"}

[[tools.maven]]
version = "3.9.12"
backend = "aqua:apache/maven"
"platforms.macos-arm64" = { checksum = "blake3:07cf3b70c8b3c50ac71d7a4fae12a7fc78e8fd2f768eb2e3dfe13a7704fefa7e", url = "https://archive.apache.org/dist/maven/maven-3/3.9.12/binaries/apache-maven-3.9.12-bin.tar.gz"}

[[tools.node]]
version = "22.19.0"
backend = "core:node"

[[tools."pipx:toml-cli"]]
version = "0.8.2"
backend = "pipx:toml-cli"

[[tools.pnpm]]
version = "10.15.1"
backend = "aqua:pnpm/pnpm"

[[tools.uv]]
version = "0.9.5"
backend = "aqua:astral-sh/uv"

[[tools.yq]]
version = "4.47.2"
backend = "aqua:mikefarah/yq"
