[[tools."asdf:CrouchingMuppet/asdf-lima"]]
version = "1.2.1"
backend = "asdf:CrouchingMuppet/asdf-lima"

[[tools.fd]]
version = "10.3.0"
backend = "aqua:sharkdp/fd"

[tools.fd.platforms.macos-arm64]
checksum = "blake3:e7a554aed4fea189f2aa297e82087ceaebb844eac55a2503e5321cce88fbb636"
size = 1337349
url = "https://github.com/sharkdp/fd/releases/download/v10.3.0/fd-v10.3.0-aarch64-apple-darwin.tar.gz"

[[tools.gum]]
version = "0.17.0"
backend = "aqua:charmbracelet/gum"

[tools.gum.platforms.macos-arm64]
checksum = "sha256:e2a4b8596efa05821d8c58d0c1afbcd7ad1699ba69c689cc3ff23a4a99c8b237"
size = 4395909
url = "https://github.com/charmbracelet/gum/releases/download/v0.17.0/gum_0.17.0_Darwin_arm64.tar.gz"

[[tools.helm]]
version = "3.19.0"
backend = "aqua:helm/helm"

[tools.helm.platforms.macos-arm64]
checksum = "sha256:31513e1193da4eb4ae042eb5f98ef9aca7890cfa136f4707c8d4f70e2115bef6"
size = 17058141
url = "https://get.helm.sh/helm-v3.19.0-darwin-arm64.tar.gz"

[[tools.kubeconform]]
version = "0.7.0"
backend = "aqua:yannh/kubeconform"

[tools.kubeconform.platforms.macos-arm64]
checksum = "sha256:b5d32b2cb77f9c781c976b20a85e2d0bc8f9184d5d1cfe665a2f31a19f99eeb9"
size = 7031569
url = "https://github.com/yannh/kubeconform/releases/download/v0.7.0/kubeconform-darwin-arm64.tar.gz"

[[tools.node]]
version = "22.19.0"
backend = "core:node"

[tools.node.platforms.macos-arm64]
checksum = "sha256:c59006db713c770d6ec63ae16cb3edc11f49ee093b5c415d667bb4f436c6526d"
size = 47739366
url = "https://nodejs.org/dist/v22.19.0/node-v22.19.0-darwin-arm64.tar.gz"

[[tools."pipx:toml-cli"]]
version = "0.8.2"
backend = "pipx:toml-cli"

[[tools.pnpm]]
version = "10.15.1"
backend = "aqua:pnpm/pnpm"

[tools.pnpm.platforms.macos-arm64]
checksum = "blake3:502db5ea7eeeccf6307a8af184d2a63acdf88cdb3346d7fb0d55617e807d1c5a"
size = 62649648
url = "https://github.com/pnpm/pnpm/releases/download/v10.15.1/pnpm-macos-arm64"

[[tools.python]]
version = "3.13.7"
backend = "core:python"

[[tools."ubi:google/addlicense"]]
version = "1.2.0"
backend = "ubi:google/addlicense"

[tools."ubi:google/addlicense".platforms.macos-arm64-addlicense]
checksum = "blake3:29c4b12b602b33cf8b88b2f947741bdbd60516afd72d9585abc95912fbeca47a"

[[tools."ubi:telepresenceio/telepresence"]]
version = "2.24.1"
backend = "ubi:telepresenceio/telepresence"

[tools."ubi:telepresenceio/telepresence".platforms.macos-arm64-telepresence]
checksum = "blake3:1d8fc5495ba38b306e2b7b01da21446312eb6fe2111c83d520a56fa5a0b69cb5"

[[tools.uv]]
version = "0.8.17"
backend = "aqua:astral-sh/uv"

[tools.uv.platforms.macos-arm64]
checksum = "sha256:e4d4859d7726298daa4c12e114f269ff282b2cfc2b415dc0b2ca44ae2dbd358e"
size = 17968067
url = "https://github.com/astral-sh/uv/releases/download/0.8.17/uv-aarch64-apple-darwin.tar.gz"

[[tools.yq]]
version = "4.47.2"
backend = "aqua:mikefarah/yq"

[tools.yq.platforms.macos-arm64]
checksum = "blake3:28c623201e07c86d5082e88384af61ed40af8b8f71d22758e8b0690d424fc3c2"
size = 10980754
url = "https://github.com/mikefarah/yq/releases/download/v4.47.2/yq_darwin_arm64"
