[tools."asdf:CrouchingMuppet/asdf-lima"]
version = "1.2.1"
backend = "asdf:CrouchingMuppet/asdf-lima"

[tools.fd]
version = "10.2.0"
backend = "aqua:sharkdp/fd"

[tools.gum]
version = "0.16.2"
backend = "aqua:charmbracelet/gum"

[tools.gum.platforms.macos-arm64]
checksum = "sha256:ee45a15043c33e90ab4902d9bfd9a6ee97ee820869f6de4a1a2e3d3f9636f05f"
size = 4477198
url = "https://github.com/charmbracelet/gum/releases/download/v0.16.2/gum_0.16.2_Darwin_arm64.tar.gz"

[tools.helm]
version = "3.18.4"
backend = "aqua:helm/helm"

[tools.kubeconform]
version = "0.7.0"
backend = "aqua:yannh/kubeconform"

[tools.node]
version = "22.18.0"
backend = "core:node"

[tools.node.platforms.macos-arm64]
checksum = "sha256:2c12913cba67af77ded8a399df3fd91c2e7f8628c7079da40bb9ff33bf00dfc0"
size = 47696084
url = "https://nodejs.org/dist/v22.18.0/node-v22.18.0-darwin-arm64.tar.gz"

[tools."pipx:toml-cli"]
version = "0.8.1"
backend = "pipx:toml-cli"

[tools.pnpm]
version = "9.9.0"
backend = "aqua:pnpm/pnpm"

[tools.python]
version = "3.13.5"
backend = "core:python"

[tools."ubi:google/addlicense"]
version = "1.1.1"
backend = "ubi:google/addlicense"

[tools."ubi:telepresenceio/telepresence"]
version = "2.23.6"
backend = "ubi:telepresenceio/telepresence"

[tools."ubi:telepresenceio/telepresence".platforms.macos-arm64-telepresence]
checksum = "blake3:d7876c4f02e76bdfc7014aa5b96a3e5e4e181ce6623e7cf252feb20ed2597ee1"

[tools.uv]
version = "0.8.9"
backend = "aqua:astral-sh/uv"

[tools.uv.platforms.macos-arm64]
checksum = "sha256:c233bee389c15fdef09a6028db61cc54a12e6171f27d6d9c018eedca5bbbd011"
size = 17202203
url = "https://github.com/astral-sh/uv/releases/download/0.8.9/uv-aarch64-apple-darwin.tar.gz"

[tools.yq]
version = "4.47.1"
backend = "aqua:mikefarah/yq"

[tools.yq.platforms.macos-arm64]
checksum = "blake3:576374b350e23e8a83123dbb2008bb9115c27cc6569699bfdd6b034562969f16"
size = 11079202
url = "https://github.com/mikefarah/yq/releases/download/v4.47.1/yq_darwin_arm64"
